
Microsoft Visual Studio Solution File, Format Version 12.00
# Visual Studio Version 17
VisualStudioVersion = 17.0.32112.339
MinimumVisualStudioVersion = 10.0.40219.1
Project("{FAE04EC0-301F-11D3-BF4B-00C04F79EFBC}") = "BO22EB-16", "GMAP Demo\BO22EB-16.csproj", "{0B29D119-0494-4E6A-895A-22CA69FA29E8}"
EndProject
Global
	GlobalSection(SolutionConfigurationPlatforms) = preSolution
		Debug|Any CPU = Debug|Any CPU
		Release|Any CPU = Release|Any CPU
	EndGlobalSection
	GlobalSection(ProjectConfigurationPlatforms) = postSolution
		{0B29D119-0494-4E6A-895A-22CA69FA29E8}.Debug|Any CPU.ActiveCfg = Debug|Any CPU
		{0B29D119-0494-4E6A-895A-22CA69FA29E8}.Debug|Any CPU.Build.0 = Debug|Any CPU
		{0B29D119-0494-4E6A-895A-22CA69FA29E8}.Release|Any CPU.ActiveCfg = Release|Any CPU
		{0B29D119-0494-4E6A-895A-22CA69FA29E8}.Release|Any CPU.Build.0 = Release|Any CPU
	EndGlobalSection
	GlobalSection(SolutionProperties) = preSolution
		HideSolutionNode = FALSE
	EndGlobalSection
	GlobalSection(ExtensibilityGlobals) = postSolution
		SolutionGuid = {AA4D1083-C82A-4088-AED6-9CC78C93656B}
	EndGlobalSection
EndGlobal
